
Microsoft Visual Studio Solution File, Format Version 12.00
# Visual Studio 15
VisualStudioVersion = 15.0.27130.2036
MinimumVisualStudioVersion = 10.0.40219.1
Project("{FAE04EC0-301F-11D3-BF4B-00C04F79EFBC}") = "Numb", "ImprovedFourthLR\Numb.csproj", "{7837D8FD-3AEF-4A21-89F3-99DE6EE199ED}"
EndProject
Global
	GlobalSection(SolutionConfigurationPlatforms) = preSolution
		Debug|Any CPU = Debug|Any CPU
		Release|Any CPU = Release|Any CPU
	EndGlobalSection
	GlobalSection(ProjectConfigurationPlatforms) = postSolution
		{7837D8FD-3AEF-4A21-89F3-99DE6EE199ED}.Debug|Any CPU.ActiveCfg = Debug|Any CPU
		{7837D8FD-3AEF-4A21-89F3-99DE6EE199ED}.Debug|Any CPU.Build.0 = Debug|Any CPU
		{7837D8FD-3AEF-4A21-89F3-99DE6EE199ED}.Release|Any CPU.ActiveCfg = Release|Any CPU
		{7837D8FD-3AEF-4A21-89F3-99DE6EE199ED}.Release|Any CPU.Build.0 = Release|Any CPU
	EndGlobalSection
	GlobalSection(SolutionProperties) = preSolution
		HideSolutionNode = FALSE
	EndGlobalSection
	GlobalSection(ExtensibilityGlobals) = postSolution
		SolutionGuid = {9B688379-AA9A-4919-A481-AC2EAE116E23}
	EndGlobalSection
EndGlobal
